
Microsoft Visual Studio Solution File, Format Version 12.00
# Visual Studio Version 16
VisualStudioVersion = 16.0.31112.23
MinimumVisualStudioVersion = 10.0.40219.1
Project("{9A19103F-16F7-4668-BE54-9A1E7A4F7556}") = "Svara-Game", "Svara-Game\Svara-Game.csproj", "{B1C54930-5663-4BD6-A363-EE6FA8EA1402}"
EndProject
Project("{FAE04EC0-301F-11D3-BF4B-00C04F79EFBC}") = "SvaraTests", "SvaraTests\SvaraTests.csproj", "{9B350171-51E6-4BFC-904E-59A39F9C5D47}"
EndProject
Global
	GlobalSection(SolutionConfigurationPlatforms) = preSolution
		Debug|Any CPU = Debug|Any CPU
		Release|Any CPU = Release|Any CPU
	EndGlobalSection
	GlobalSection(ProjectConfigurationPlatforms) = postSolution
		{B1C54930-5663-4BD6-A363-EE6FA8EA1402}.Debug|Any CPU.ActiveCfg = Debug|Any CPU
		{B1C54930-5663-4BD6-A363-EE6FA8EA1402}.Debug|Any CPU.Build.0 = Debug|Any CPU
		{B1C54930-5663-4BD6-A363-EE6FA8EA1402}.Release|Any CPU.ActiveCfg = Release|Any CPU
		{B1C54930-5663-4BD6-A363-EE6FA8EA1402}.Release|Any CPU.Build.0 = Release|Any CPU
		{9B350171-51E6-4BFC-904E-59A39F9C5D47}.Debug|Any CPU.ActiveCfg = Debug|Any CPU
		{9B350171-51E6-4BFC-904E-59A39F9C5D47}.Debug|Any CPU.Build.0 = Debug|Any CPU
		{9B350171-51E6-4BFC-904E-59A39F9C5D47}.Release|Any CPU.ActiveCfg = Release|Any CPU
		{9B350171-51E6-4BFC-904E-59A39F9C5D47}.Release|Any CPU.Build.0 = Release|Any CPU
	EndGlobalSection
	GlobalSection(SolutionProperties) = preSolution
		HideSolutionNode = FALSE
	EndGlobalSection
	GlobalSection(ExtensibilityGlobals) = postSolution
		SolutionGuid = {F170DE8A-AC5C-4D72-9910-D078E2646294}
	EndGlobalSection
EndGlobal
